
Microsoft Visual Studio Solution File, Format Version 12.00
# Visual Studio Version 17
VisualStudioVersion = 17.2.32616.157
MinimumVisualStudioVersion = 10.0.40219.1
Project("{FAE04EC0-301F-11D3-BF4B-00C04F79EFBC}") = "MediX", "MediX\MediX.csproj", "{0085D2F6-D732-4E7D-9BE7-547EB4E5EA00}"
EndProject
Global
	GlobalSection(SolutionConfigurationPlatforms) = preSolution
		Debug|Any CPU = Debug|Any CPU
		Release|Any CPU = Release|Any CPU
	EndGlobalSection
	GlobalSection(ProjectConfigurationPlatforms) = postSolution
		{0085D2F6-D732-4E7D-9BE7-547EB4E5EA00}.Debug|Any CPU.ActiveCfg = Debug|Any CPU
		{0085D2F6-D732-4E7D-9BE7-547EB4E5EA00}.Debug|Any CPU.Build.0 = Debug|Any CPU
		{0085D2F6-D732-4E7D-9BE7-547EB4E5EA00}.Release|Any CPU.ActiveCfg = Release|Any CPU
		{0085D2F6-D732-4E7D-9BE7-547EB4E5EA00}.Release|Any CPU.Build.0 = Release|Any CPU
	EndGlobalSection
	GlobalSection(SolutionProperties) = preSolution
		HideSolutionNode = FALSE
	EndGlobalSection
	GlobalSection(ExtensibilityGlobals) = postSolution
		SolutionGuid = {C47E8952-3C23-46B0-B7E6-D007081E5A8B}
	EndGlobalSection
EndGlobal
