{
  "name": "mediX_UI",
  "lockfileVersion": 2,
  "requires": true,
  "packages": {
    "": {
      "dependencies": {
        "sweetalert2": "^11.4.22"
      }
    },
    "node_modules/sweetalert2": {
      "version": "11.4.22",
      "resolved": "https://registry.npmjs.org/sweetalert2/-/sweetalert2-11.4.22.tgz",
      "integrity": "sha512-gDBdi/RrU8/+1IPITQyqx4E5vvXt/VdFfaXa0EevJ2teyY/+yJhUb/EQ/yi07It0XZdl3LebeffWGETXWq5fow==",
      "funding": {
        "type": "individual",
        "url": "https://sweetalert2.github.io/#donations"
      }
    }
  },
  "dependencies": {
    "sweetalert2": {
      "version": "11.4.22",
      "resolved": "https://registry.npmjs.org/sweetalert2/-/sweetalert2-11.4.22.tgz",
      "integrity": "sha512-gDBdi/RrU8/+1IPITQyqx4E5vvXt/VdFfaXa0EevJ2teyY/+yJhUb/EQ/yi07It0XZdl3LebeffWGETXWq5fow=="
    }
  }
}
